// !$*UTF8*$!
{
	archiveVersion = 1;
	classes = {
	};
	objectVersion = 50;
	objects = {

/* Begin PBXBuildFile section */
		7E051DE421F575940045DF1C /* CustomerViewController.swift in Sources */ = {isa = PBXBuildFile; fileRef = 7E051DE321F575940045DF1C /* CustomerViewController.swift */; };
		7E08F0B021AB964D00A1F213 /* UserRating.swift in Sources */ = {isa = PBXBuildFile; fileRef = 7E08F0AF21AB964D00A1F213 /* UserRating.swift */; };
		7E123FD522017DF300DA4182 /* PaymentViewController.swift in Sources */ = {isa = PBXBuildFile; fileRef = 7E123FD422017DF300DA4182 /* PaymentViewController.swift */; };
		7E22746821B8F2FB004A9EFE /* QuantityTableViewController.swift in Sources */ = {isa = PBXBuildFile; fileRef = 7E22746721B8F2FB004A9EFE /* QuantityTableViewController.swift */; };
		7E281B302206A8510017BBB1 /* ExistingCreditCardTableViewCell.swift in Sources */ = {isa = PBXBuildFile; fileRef = 7E281B2F2206A8510017BBB1 /* ExistingCreditCardTableViewCell.swift */; };
		7E281B322206A8660017BBB1 /* NewCreditCardTableViewCell.swift in Sources */ = {isa = PBXBuildFile; fileRef = 7E281B312206A8660017BBB1 /* NewCreditCardTableViewCell.swift */; };
		7E281B342206BB710017BBB1 /* PopoverTableViewController.swift in Sources */ = {isa = PBXBuildFile; fileRef = 7E281B332206BB710017BBB1 /* PopoverTableViewController.swift */; };
		7E49B3B12217CCF1009B8016 /* ReviewOrderTableViewController.swift in Sources */ = {isa = PBXBuildFile; fileRef = 7E49B3B02217CCF1009B8016 /* ReviewOrderTableViewController.swift */; };
		7E49B3B42217CD88009B8016 /* ShippingTableViewCell.swift in Sources */ = {isa = PBXBuildFile; fileRef = 7E49B3B32217CD88009B8016 /* ShippingTableViewCell.swift */; };
		7E49B3B62217CDAB009B8016 /* PaymentTableViewCell.swift in Sources */ = {isa = PBXBuildFile; fileRef = 7E49B3B52217CDAB009B8016 /* PaymentTableViewCell.swift */; };
		7E7058742221B6B200A9547A /* OrderConfirmationViewController.swift in Sources */ = {isa = PBXBuildFile; fileRef = 7E7058732221B6B200A9547A /* OrderConfirmationViewController.swift */; };
		7E94F29921C5FC570063E0A4 /* CartTableViewController.swift in Sources */ = {isa = PBXBuildFile; fileRef = 7E94F29821C5FC570063E0A4 /* CartTableViewController.swift */; };
		7E94F29D21C6008A0063E0A4 /* ItemInCartTableViewCell.swift in Sources */ = {isa = PBXBuildFile; fileRef = 7E94F29B21C6008A0063E0A4 /* ItemInCartTableViewCell.swift */; };
		7E94F29E21C6008A0063E0A4 /* ItemInCartTableViewCell.xib in Resources */ = {isa = PBXBuildFile; fileRef = 7E94F29C21C6008A0063E0A4 /* ItemInCartTableViewCell.xib */; };
		7EE741C721EEB6FC00D0F0C5 /* LoginViewController.swift in Sources */ = {isa = PBXBuildFile; fileRef = 7EE741C621EEB6FC00D0F0C5 /* LoginViewController.swift */; };
		7EE84DDE21B5066600D80208 /* UIImage+extension.swift in Sources */ = {isa = PBXBuildFile; fileRef = 7EE84DDD21B5066600D80208 /* UIImage+extension.swift */; };
		7EEAAE8A21A1CCDA002118A1 /* AppDelegate.swift in Sources */ = {isa = PBXBuildFile; fileRef = 7EEAAE8921A1CCDA002118A1 /* AppDelegate.swift */; };
		7EEAAE8F21A1CCDA002118A1 /* Main.storyboard in Resources */ = {isa = PBXBuildFile; fileRef = 7EEAAE8D21A1CCDA002118A1 /* Main.storyboard */; };
		7EEAAE9121A1CCDF002118A1 /* Assets.xcassets in Resources */ = {isa = PBXBuildFile; fileRef = 7EEAAE9021A1CCDF002118A1 /* Assets.xcassets */; };
		7EEAAE9421A1CCDF002118A1 /* LaunchScreen.storyboard in Resources */ = {isa = PBXBuildFile; fileRef = 7EEAAE9221A1CCDF002118A1 /* LaunchScreen.storyboard */; };
		7EEAAE9D21A20599002118A1 /* PromoContentViewController.swift in Sources */ = {isa = PBXBuildFile; fileRef = 7EEAAE9C21A20599002118A1 /* PromoContentViewController.swift */; };
		7EEAAE9F21A205A4002118A1 /* HomeViewController.swift in Sources */ = {isa = PBXBuildFile; fileRef = 7EEAAE9E21A205A4002118A1 /* HomeViewController.swift */; };
		7EEBCE9C21A4AFEC00659C9B /* P4-3.png in Resources */ = {isa = PBXBuildFile; fileRef = 7EEBCE5221A4AFEB00659C9B /* P4-3.png */; };
		7EEBCE9D21A4AFEC00659C9B /* P4-2.png in Resources */ = {isa = PBXBuildFile; fileRef = 7EEBCE5321A4AFEB00659C9B /* P4-2.png */; };
		7EEBCE9E21A4AFEC00659C9B /* P4-1.png in Resources */ = {isa = PBXBuildFile; fileRef = 7EEBCE5421A4AFEB00659C9B /* P4-1.png */; };
		7EEBCE9F21A4AFEC00659C9B /* P4-4.png in Resources */ = {isa = PBXBuildFile; fileRef = 7EEBCE5521A4AFEB00659C9B /* P4-4.png */; };
		7EEBCEA021A4AFEC00659C9B /* P3-4.png in Resources */ = {isa = PBXBuildFile; fileRef = 7EEBCE5721A4AFEB00659C9B /* P3-4.png */; };
		7EEBCEA121A4AFEC00659C9B /* P3-1.png in Resources */ = {isa = PBXBuildFile; fileRef = 7EEBCE5821A4AFEB00659C9B /* P3-1.png */; };
		7EEBCEA221A4AFEC00659C9B /* P3-3.png in Resources */ = {isa = PBXBuildFile; fileRef = 7EEBCE5921A4AFEB00659C9B /* P3-3.png */; };
		7EEBCEA321A4AFEC00659C9B /* P3-2.png in Resources */ = {isa = PBXBuildFile; fileRef = 7EEBCE5A21A4AFEB00659C9B /* P3-2.png */; };
		7EEBCEA421A4AFEC00659C9B /* P2-5.png in Resources */ = {isa = PBXBuildFile; fileRef = 7EEBCE5C21A4AFEB00659C9B /* P2-5.png */; };
		7EEBCEA521A4AFEC00659C9B /* P2-4.png in Resources */ = {isa = PBXBuildFile; fileRef = 7EEBCE5D21A4AFEB00659C9B /* P2-4.png */; };
		7EEBCEA621A4AFEC00659C9B /* P2-3.png in Resources */ = {isa = PBXBuildFile; fileRef = 7EEBCE5E21A4AFEB00659C9B /* P2-3.png */; };
		7EEBCEA721A4AFEC00659C9B /* P2-2.png in Resources */ = {isa = PBXBuildFile; fileRef = 7EEBCE5F21A4AFEB00659C9B /* P2-2.png */; };
		7EEBCEA821A4AFEC00659C9B /* P2-1.png in Resources */ = {isa = PBXBuildFile; fileRef = 7EEBCE6021A4AFEB00659C9B /* P2-1.png */; };
		7EEBCEA921A4AFEC00659C9B /* P5-1.png in Resources */ = {isa = PBXBuildFile; fileRef = 7EEBCE6221A4AFEB00659C9B /* P5-1.png */; };
		7EEBCEAA21A4AFEC00659C9B /* P5-3.png in Resources */ = {isa = PBXBuildFile; fileRef = 7EEBCE6321A4AFEB00659C9B /* P5-3.png */; };
		7EEBCEAB21A4AFEC00659C9B /* P5-2.png in Resources */ = {isa = PBXBuildFile; fileRef = 7EEBCE6421A4AFEB00659C9B /* P5-2.png */; };
		7EEBCEAC21A4AFEC00659C9B /* P5-5.png in Resources */ = {isa = PBXBuildFile; fileRef = 7EEBCE6521A4AFEB00659C9B /* P5-5.png */; };
		7EEBCEAD21A4AFEC00659C9B /* P5-4.png in Resources */ = {isa = PBXBuildFile; fileRef = 7EEBCE6621A4AFEB00659C9B /* P5-4.png */; };
		7EEBCEAE21A4AFEC00659C9B /* P6-1.png in Resources */ = {isa = PBXBuildFile; fileRef = 7EEBCE6821A4AFEB00659C9B /* P6-1.png */; };
		7EEBCEAF21A4AFEC00659C9B /* P6-2.png in Resources */ = {isa = PBXBuildFile; fileRef = 7EEBCE6921A4AFEB00659C9B /* P6-2.png */; };
		7EEBCEB021A4AFEC00659C9B /* P6-3.png in Resources */ = {isa = PBXBuildFile; fileRef = 7EEBCE6A21A4AFEB00659C9B /* P6-3.png */; };
		7EEBCEB121A4AFEC00659C9B /* P6-4.png in Resources */ = {isa = PBXBuildFile; fileRef = 7EEBCE6B21A4AFEB00659C9B /* P6-4.png */; };
		7EEBCEB221A4AFEC00659C9B /* P6-5.png in Resources */ = {isa = PBXBuildFile; fileRef = 7EEBCE6C21A4AFEB00659C9B /* P6-5.png */; };
		7EEBCEB321A4AFEC00659C9B /* P1-4.png in Resources */ = {isa = PBXBuildFile; fileRef = 7EEBCE6E21A4AFEB00659C9B /* P1-4.png */; };
		7EEBCEB421A4AFEC00659C9B /* P1-5.png in Resources */ = {isa = PBXBuildFile; fileRef = 7EEBCE6F21A4AFEB00659C9B /* P1-5.png */; };
		7EEBCEB521A4AFEC00659C9B /* P1-2.png in Resources */ = {isa = PBXBuildFile; fileRef = 7EEBCE7021A4AFEB00659C9B /* P1-2.png */; };
		7EEBCEB621A4AFEC00659C9B /* P1-3.png in Resources */ = {isa = PBXBuildFile; fileRef = 7EEBCE7121A4AFEB00659C9B /* P1-3.png */; };
		7EEBCEB721A4AFEC00659C9B /* P1-1.png in Resources */ = {isa = PBXBuildFile; fileRef = 7EEBCE7221A4AFEB00659C9B /* P1-1.png */; };
		7EEBCEB821A4AFEC00659C9B /* T5-4.png in Resources */ = {isa = PBXBuildFile; fileRef = 7EEBCE7521A4AFEC00659C9B /* T5-4.png */; };
		7EEBCEB921A4AFEC00659C9B /* T5-5.png in Resources */ = {isa = PBXBuildFile; fileRef = 7EEBCE7621A4AFEC00659C9B /* T5-5.png */; };
		7EEBCEBA21A4AFEC00659C9B /* T5-1.png in Resources */ = {isa = PBXBuildFile; fileRef = 7EEBCE7721A4AFEC00659C9B /* T5-1.png */; };
		7EEBCEBB21A4AFEC00659C9B /* T5-2.png in Resources */ = {isa = PBXBuildFile; fileRef = 7EEBCE7821A4AFEC00659C9B /* T5-2.png */; };
		7EEBCEBC21A4AFEC00659C9B /* T5-3.png in Resources */ = {isa = PBXBuildFile; fileRef = 7EEBCE7921A4AFEC00659C9B /* T5-3.png */; };
		7EEBCEBD21A4AFEC00659C9B /* T2-2.png in Resources */ = {isa = PBXBuildFile; fileRef = 7EEBCE7B21A4AFEC00659C9B /* T2-2.png */; };
		7EEBCEBE21A4AFEC00659C9B /* T2-3.png in Resources */ = {isa = PBXBuildFile; fileRef = 7EEBCE7C21A4AFEC00659C9B /* T2-3.png */; };
		7EEBCEBF21A4AFEC00659C9B /* T2-1.png in Resources */ = {isa = PBXBuildFile; fileRef = 7EEBCE7D21A4AFEC00659C9B /* T2-1.png */; };
		7EEBCEC021A4AFEC00659C9B /* T2-4.png in Resources */ = {isa = PBXBuildFile; fileRef = 7EEBCE7E21A4AFEC00659C9B /* T2-4.png */; };
		7EEBCEC121A4AFEC00659C9B /* T2-5.png in Resources */ = {isa = PBXBuildFile; fileRef = 7EEBCE7F21A4AFEC00659C9B /* T2-5.png */; };
		7EEBCEC221A4AFEC00659C9B /* T3-1.png in Resources */ = {isa = PBXBuildFile; fileRef = 7EEBCE8121A4AFEC00659C9B /* T3-1.png */; };
		7EEBCEC321A4AFEC00659C9B /* T3-2.png in Resources */ = {isa = PBXBuildFile; fileRef = 7EEBCE8221A4AFEC00659C9B /* T3-2.png */; };
		7EEBCEC421A4AFEC00659C9B /* T3-3.png in Resources */ = {isa = PBXBuildFile; fileRef = 7EEBCE8321A4AFEC00659C9B /* T3-3.png */; };
		7EEBCEC521A4AFEC00659C9B /* T3-4.png in Resources */ = {isa = PBXBuildFile; fileRef = 7EEBCE8421A4AFEC00659C9B /* T3-4.png */; };
		7EEBCEC621A4AFEC00659C9B /* T3-5.png in Resources */ = {isa = PBXBuildFile; fileRef = 7EEBCE8521A4AFEC00659C9B /* T3-5.png */; };
		7EEBCEC721A4AFEC00659C9B /* T4-2.png in Resources */ = {isa = PBXBuildFile; fileRef = 7EEBCE8721A4AFEC00659C9B /* T4-2.png */; };
		7EEBCEC821A4AFEC00659C9B /* T4-1.png in Resources */ = {isa = PBXBuildFile; fileRef = 7EEBCE8821A4AFEC00659C9B /* T4-1.png */; };
		7EEBCEC921A4AFEC00659C9B /* T1-4 7.18.16 PM.png in Resources */ = {isa = PBXBuildFile; fileRef = 7EEBCE8A21A4AFEC00659C9B /* T1-4 7.18.16 PM.png */; };
		7EEBCECA21A4AFEC00659C9B /* T1-3 7.18.16 PM.png in Resources */ = {isa = PBXBuildFile; fileRef = 7EEBCE8B21A4AFEC00659C9B /* T1-3 7.18.16 PM.png */; };
		7EEBCECB21A4AFEC00659C9B /* T1-2 7.18.16 PM.png in Resources */ = {isa = PBXBuildFile; fileRef = 7EEBCE8C21A4AFEC00659C9B /* T1-2 7.18.16 PM.png */; };
		7EEBCECC21A4AFEC00659C9B /* T1-3.png in Resources */ = {isa = PBXBuildFile; fileRef = 7EEBCE8D21A4AFEC00659C9B /* T1-3.png */; };
		7EEBCECD21A4AFEC00659C9B /* T1-2.png in Resources */ = {isa = PBXBuildFile; fileRef = 7EEBCE8E21A4AFEC00659C9B /* T1-2.png */; };
		7EEBCECE21A4AFEC00659C9B /* T1-1.png in Resources */ = {isa = PBXBuildFile; fileRef = 7EEBCE8F21A4AFEC00659C9B /* T1-1.png */; };
		7EEBCECF21A4AFEC00659C9B /* T1-5.png in Resources */ = {isa = PBXBuildFile; fileRef = 7EEBCE9021A4AFEC00659C9B /* T1-5.png */; };
		7EEBCED021A4AFEC00659C9B /* T1-4.png in Resources */ = {isa = PBXBuildFile; fileRef = 7EEBCE9121A4AFEC00659C9B /* T1-4.png */; };
		7EEBCED121A4AFEC00659C9B /* T6-1.png in Resources */ = {isa = PBXBuildFile; fileRef = 7EEBCE9321A4AFEC00659C9B /* T6-1.png */; };
		7EEBCED221A4AFEC00659C9B /* T6-3.png in Resources */ = {isa = PBXBuildFile; fileRef = 7EEBCE9421A4AFEC00659C9B /* T6-3.png */; };
		7EEBCED321A4AFEC00659C9B /* T6-2.png in Resources */ = {isa = PBXBuildFile; fileRef = 7EEBCE9521A4AFEC00659C9B /* T6-2.png */; };
		7EEBCED421A4AFEC00659C9B /* T8-1.png in Resources */ = {isa = PBXBuildFile; fileRef = 7EEBCE9721A4AFEC00659C9B /* T8-1.png */; };
		7EEBCED521A4AFEC00659C9B /* T8-3.png in Resources */ = {isa = PBXBuildFile; fileRef = 7EEBCE9821A4AFEC00659C9B /* T8-3.png */; };
		7EEBCED621A4AFEC00659C9B /* T8-2.png in Resources */ = {isa = PBXBuildFile; fileRef = 7EEBCE9921A4AFEC00659C9B /* T8-2.png */; };
		7EEBCED721A4AFEC00659C9B /* T7-1.png in Resources */ = {isa = PBXBuildFile; fileRef = 7EEBCE9B21A4AFEC00659C9B /* T7-1.png */; };
		7EEBCEDA21A4B04B00659C9B /* Utility.swift in Sources */ = {isa = PBXBuildFile; fileRef = 7EEBCED921A4B04B00659C9B /* Utility.swift */; };
		7EEBCEDE21A4B10F00659C9B /* String+extension.swift in Sources */ = {isa = PBXBuildFile; fileRef = 7EEBCEDD21A4B10F00659C9B /* String+extension.swift */; };
		7EEBCF7A21A5A7D500659C9B /* ProductService.swift in Sources */ = {isa = PBXBuildFile; fileRef = 7EEBCF7921A5A7D500659C9B /* ProductService.swift */; };
		7EEBCF7E21A5AE7200659C9B /* ProductCollectionViewCell.swift in Sources */ = {isa = PBXBuildFile; fileRef = 7EEBCF7D21A5AE7200659C9B /* ProductCollectionViewCell.swift */; };
		7EEC30162214BAB8006E273D /* visa.pdf in Resources */ = {isa = PBXBuildFile; fileRef = 7EEC30152214BAB8006E273D /* visa.pdf */; };
		7EEC301A2214BAD0006E273D /* amex.pdf in Resources */ = {isa = PBXBuildFile; fileRef = 7EEC30172214BAD0006E273D /* amex.pdf */; };
		7EEC301B2214BAD0006E273D /* creditcard.pdf in Resources */ = {isa = PBXBuildFile; fileRef = 7EEC30182214BAD0006E273D /* creditcard.pdf */; };
		7EEC301C2214BAD0006E273D /* mastercard.pdf in Resources */ = {isa = PBXBuildFile; fileRef = 7EEC30192214BAD0006E273D /* mastercard.pdf */; };
		7EECC4C521B7611F00ABE1E9 /* ProductInfoTableViewCell.swift in Sources */ = {isa = PBXBuildFile; fileRef = 7EECC4C421B7611F00ABE1E9 /* ProductInfoTableViewCell.swift */; };
		7EEDED6D21F53BEB0098F1F1 /* CustomerService.swift in Sources */ = {isa = PBXBuildFile; fileRef = 7EEDED6C21F53BEB0098F1F1 /* CustomerService.swift */; };
		7EEDED7021F54C200098F1F1 /* AddressViewController.swift in Sources */ = {isa = PBXBuildFile; fileRef = 7EEDED6F21F54C200098F1F1 /* AddressViewController.swift */; };
		7EEFB15521BA282E00B5FBDD /* ShoppingCart.swift in Sources */ = {isa = PBXBuildFile; fileRef = 7EEFB15421BA282E00B5FBDD /* ShoppingCart.swift */; };
		7EF027A821A31D4800E8ED2B /* StoreDataModel.xcdatamodeld in Sources */ = {isa = PBXBuildFile; fileRef = 7EF027A421A31D4800E8ED2B /* StoreDataModel.xcdatamodeld */; };
		7EF027AD21A31D8900E8ED2B /* clothesProducts.json in Resources */ = {isa = PBXBuildFile; fileRef = 7EF027AB21A31D8900E8ED2B /* clothesProducts.json */; };
		7EF027AE21A31D8900E8ED2B /* CoreDataStack.swift in Sources */ = {isa = PBXBuildFile; fileRef = 7EF027AC21A31D8900E8ED2B /* CoreDataStack.swift */; };
		7EF2E4A721AA01E3007D154D /* ProductsTableViewController.swift in Sources */ = {isa = PBXBuildFile; fileRef = 7EF2E4A621AA01E3007D154D /* ProductsTableViewController.swift */; };
		7EF2E4A921AA01FC007D154D /* ProductsTableViewCell.swift in Sources */ = {isa = PBXBuildFile; fileRef = 7EF2E4A821AA01FC007D154D /* ProductsTableViewCell.swift */; };
		7EF2E4AB21AA095B007D154D /* Double+extension.swift in Sources */ = {isa = PBXBuildFile; fileRef = 7EF2E4AA21AA095B007D154D /* Double+extension.swift */; };
		7EF2E4AD21AA1341007D154D /* UIColor+extension.swift in Sources */ = {isa = PBXBuildFile; fileRef = 7EF2E4AC21AA1341007D154D /* UIColor+extension.swift */; };
		7EF75B7E21ABA9F200DB8D9B /* MyButton.swift in Sources */ = {isa = PBXBuildFile; fileRef = 7EF75B7D21ABA9F200DB8D9B /* MyButton.swift */; };
		7EF75B8021ABEF6900DB8D9B /* ProductDetailViewController.swift in Sources */ = {isa = PBXBuildFile; fileRef = 7EF75B7F21ABEF6900DB8D9B /* ProductDetailViewController.swift */; };
		7EF75B8221ABEFD100DB8D9B /* DetailSummaryView.swift in Sources */ = {isa = PBXBuildFile; fileRef = 7EF75B8121ABEFD100DB8D9B /* DetailSummaryView.swift */; };
/* End PBXBuildFile section */

/* Begin PBXFileReference section */
		7E051DE321F575940045DF1C /* CustomerViewController.swift */ = {isa = PBXFileReference; lastKnownFileType = sourcecode.swift; path = CustomerViewController.swift; sourceTree = "<group>"; };
		7E08F0AF21AB964D00A1F213 /* UserRating.swift */ = {isa = PBXFileReference; lastKnownFileType = sourcecode.swift; path = UserRating.swift; sourceTree = "<group>"; };
		7E123FD422017DF300DA4182 /* PaymentViewController.swift */ = {isa = PBXFileReference; lastKnownFileType = sourcecode.swift; path = PaymentViewController.swift; sourceTree = "<group>"; };
		7E22746721B8F2FB004A9EFE /* QuantityTableViewController.swift */ = {isa = PBXFileReference; lastKnownFileType = sourcecode.swift; path = QuantityTableViewController.swift; sourceTree = "<group>"; };
		7E281B2F2206A8510017BBB1 /* ExistingCreditCardTableViewCell.swift */ = {isa = PBXFileReference; lastKnownFileType = sourcecode.swift; path = ExistingCreditCardTableViewCell.swift; sourceTree = "<group>"; };
		7E281B312206A8660017BBB1 /* NewCreditCardTableViewCell.swift */ = {isa = PBXFileReference; lastKnownFileType = sourcecode.swift; path = NewCreditCardTableViewCell.swift; sourceTree = "<group>"; };
		7E281B332206BB710017BBB1 /* PopoverTableViewController.swift */ = {isa = PBXFileReference; lastKnownFileType = sourcecode.swift; path = PopoverTableViewController.swift; sourceTree = "<group>"; };
		7E49B3B02217CCF1009B8016 /* ReviewOrderTableViewController.swift */ = {isa = PBXFileReference; lastKnownFileType = sourcecode.swift; path = ReviewOrderTableViewController.swift; sourceTree = "<group>"; };
		7E49B3B32217CD88009B8016 /* ShippingTableViewCell.swift */ = {isa = PBXFileReference; lastKnownFileType = sourcecode.swift; path = ShippingTableViewCell.swift; sourceTree = "<group>"; };
		7E49B3B52217CDAB009B8016 /* PaymentTableViewCell.swift */ = {isa = PBXFileReference; lastKnownFileType = sourcecode.swift; path = PaymentTableViewCell.swift; sourceTree = "<group>"; };
		7E7058732221B6B200A9547A /* OrderConfirmationViewController.swift */ = {isa = PBXFileReference; lastKnownFileType = sourcecode.swift; path = OrderConfirmationViewController.swift; sourceTree = "<group>"; };
		7E94F29821C5FC570063E0A4 /* CartTableViewController.swift */ = {isa = PBXFileReference; lastKnownFileType = sourcecode.swift; path = CartTableViewController.swift; sourceTree = "<group>"; };
		7E94F29B21C6008A0063E0A4 /* ItemInCartTableViewCell.swift */ = {isa = PBXFileReference; lastKnownFileType = sourcecode.swift; path = ItemInCartTableViewCell.swift; sourceTree = "<group>"; };
		7E94F29C21C6008A0063E0A4 /* ItemInCartTableViewCell.xib */ = {isa = PBXFileReference; lastKnownFileType = file.xib; path = ItemInCartTableViewCell.xib; sourceTree = "<group>"; };
		7EE741C621EEB6FC00D0F0C5 /* LoginViewController.swift */ = {isa = PBXFileReference; lastKnownFileType = sourcecode.swift; path = LoginViewController.swift; sourceTree = "<group>"; };
		7EE84DDD21B5066600D80208 /* UIImage+extension.swift */ = {isa = PBXFileReference; lastKnownFileType = sourcecode.swift; path = "UIImage+extension.swift"; sourceTree = "<group>"; };
		7EEAAE8621A1CCDA002118A1 /* FolledoEcommerceApp.app */ = {isa = PBXFileReference; explicitFileType = wrapper.application; includeInIndex = 0; path = FolledoEcommerceApp.app; sourceTree = BUILT_PRODUCTS_DIR; };
		7EEAAE8921A1CCDA002118A1 /* AppDelegate.swift */ = {isa = PBXFileReference; lastKnownFileType = sourcecode.swift; path = AppDelegate.swift; sourceTree = "<group>"; };
		7EEAAE8E21A1CCDA002118A1 /* Base */ = {isa = PBXFileReference; lastKnownFileType = file.storyboard; name = Base; path = Base.lproj/Main.storyboard; sourceTree = "<group>"; };
		7EEAAE9021A1CCDF002118A1 /* Assets.xcassets */ = {isa = PBXFileReference; lastKnownFileType = folder.assetcatalog; path = Assets.xcassets; sourceTree = "<group>"; };
		7EEAAE9321A1CCDF002118A1 /* Base */ = {isa = PBXFileReference; lastKnownFileType = file.storyboard; name = Base; path = Base.lproj/LaunchScreen.storyboard; sourceTree = "<group>"; };
		7EEAAE9521A1CCDF002118A1 /* Info.plist */ = {isa = PBXFileReference; lastKnownFileType = text.plist.xml; path = Info.plist; sourceTree = "<group>"; };
		7EEAAE9C21A20599002118A1 /* PromoContentViewController.swift */ = {isa = PBXFileReference; lastKnownFileType = sourcecode.swift; path = PromoContentViewController.swift; sourceTree = "<group>"; };
		7EEAAE9E21A205A4002118A1 /* HomeViewController.swift */ = {isa = PBXFileReference; lastKnownFileType = sourcecode.swift; path = HomeViewController.swift; sourceTree = "<group>"; };
		7EEBCE5221A4AFEB00659C9B /* P4-3.png */ = {isa = PBXFileReference; lastKnownFileType = image.png; path = "P4-3.png"; sourceTree = "<group>"; };
		7EEBCE5321A4AFEB00659C9B /* P4-2.png */ = {isa = PBXFileReference; lastKnownFileType = image.png; path = "P4-2.png"; sourceTree = "<group>"; };
		7EEBCE5421A4AFEB00659C9B /* P4-1.png */ = {isa = PBXFileReference; lastKnownFileType = image.png; path = "P4-1.png"; sourceTree = "<group>"; };
		7EEBCE5521A4AFEB00659C9B /* P4-4.png */ = {isa = PBXFileReference; lastKnownFileType = image.png; path = "P4-4.png"; sourceTree = "<group>"; };
		7EEBCE5721A4AFEB00659C9B /* P3-4.png */ = {isa = PBXFileReference; lastKnownFileType = image.png; path = "P3-4.png"; sourceTree = "<group>"; };
		7EEBCE5821A4AFEB00659C9B /* P3-1.png */ = {isa = PBXFileReference; lastKnownFileType = image.png; path = "P3-1.png"; sourceTree = "<group>"; };
		7EEBCE5921A4AFEB00659C9B /* P3-3.png */ = {isa = PBXFileReference; lastKnownFileType = image.png; path = "P3-3.png"; sourceTree = "<group>"; };
		7EEBCE5A21A4AFEB00659C9B /* P3-2.png */ = {isa = PBXFileReference; lastKnownFileType = image.png; path = "P3-2.png"; sourceTree = "<group>"; };
		7EEBCE5C21A4AFEB00659C9B /* P2-5.png */ = {isa = PBXFileReference; lastKnownFileType = image.png; path = "P2-5.png"; sourceTree = "<group>"; };
		7EEBCE5D21A4AFEB00659C9B /* P2-4.png */ = {isa = PBXFileReference; lastKnownFileType = image.png; path = "P2-4.png"; sourceTree = "<group>"; };
		7EEBCE5E21A4AFEB00659C9B /* P2-3.png */ = {isa = PBXFileReference; lastKnownFileType = image.png; path = "P2-3.png"; sourceTree = "<group>"; };
		7EEBCE5F21A4AFEB00659C9B /* P2-2.png */ = {isa = PBXFileReference; lastKnownFileType = image.png; path = "P2-2.png"; sourceTree = "<group>"; };
		7EEBCE6021A4AFEB00659C9B /* P2-1.png */ = {isa = PBXFileReference; lastKnownFileType = image.png; path = "P2-1.png"; sourceTree = "<group>"; };
		7EEBCE6221A4AFEB00659C9B /* P5-1.png */ = {isa = PBXFileReference; lastKnownFileType = image.png; path = "P5-1.png"; sourceTree = "<group>"; };
		7EEBCE6321A4AFEB00659C9B /* P5-3.png */ = {isa = PBXFileReference; lastKnownFileType = image.png; path = "P5-3.png"; sourceTree = "<group>"; };
		7EEBCE6421A4AFEB00659C9B /* P5-2.png */ = {isa = PBXFileReference; lastKnownFileType = image.png; path = "P5-2.png"; sourceTree = "<group>"; };
		7EEBCE6521A4AFEB00659C9B /* P5-5.png */ = {isa = PBXFileReference; lastKnownFileType = image.png; path = "P5-5.png"; sourceTree = "<group>"; };
		7EEBCE6621A4AFEB00659C9B /* P5-4.png */ = {isa = PBXFileReference; lastKnownFileType = image.png; path = "P5-4.png"; sourceTree = "<group>"; };
		7EEBCE6821A4AFEB00659C9B /* P6-1.png */ = {isa = PBXFileReference; lastKnownFileType = image.png; path = "P6-1.png"; sourceTree = "<group>"; };
		7EEBCE6921A4AFEB00659C9B /* P6-2.png */ = {isa = PBXFileReference; lastKnownFileType = image.png; path = "P6-2.png"; sourceTree = "<group>"; };
		7EEBCE6A21A4AFEB00659C9B /* P6-3.png */ = {isa = PBXFileReference; lastKnownFileType = image.png; path = "P6-3.png"; sourceTree = "<group>"; };
		7EEBCE6B21A4AFEB00659C9B /* P6-4.png */ = {isa = PBXFileReference; lastKnownFileType = image.png; path = "P6-4.png"; sourceTree = "<group>"; };
		7EEBCE6C21A4AFEB00659C9B /* P6-5.png */ = {isa = PBXFileReference; lastKnownFileType = image.png; path = "P6-5.png"; sourceTree = "<group>"; };
		7EEBCE6E21A4AFEB00659C9B /* P1-4.png */ = {isa = PBXFileReference; lastKnownFileType = image.png; path = "P1-4.png"; sourceTree = "<group>"; };
		7EEBCE6F21A4AFEB00659C9B /* P1-5.png */ = {isa = PBXFileReference; lastKnownFileType = image.png; path = "P1-5.png"; sourceTree = "<group>"; };
		7EEBCE7021A4AFEB00659C9B /* P1-2.png */ = {isa = PBXFileReference; lastKnownFileType = image.png; path = "P1-2.png"; sourceTree = "<group>"; };
		7EEBCE7121A4AFEB00659C9B /* P1-3.png */ = {isa = PBXFileReference; lastKnownFileType = image.png; path = "P1-3.png"; sourceTree = "<group>"; };
		7EEBCE7221A4AFEB00659C9B /* P1-1.png */ = {isa = PBXFileReference; lastKnownFileType = image.png; path = "P1-1.png"; sourceTree = "<group>"; };
		7EEBCE7521A4AFEC00659C9B /* T5-4.png */ = {isa = PBXFileReference; lastKnownFileType = image.png; path = "T5-4.png"; sourceTree = "<group>"; };
		7EEBCE7621A4AFEC00659C9B /* T5-5.png */ = {isa = PBXFileReference; lastKnownFileType = image.png; path = "T5-5.png"; sourceTree = "<group>"; };
		7EEBCE7721A4AFEC00659C9B /* T5-1.png */ = {isa = PBXFileReference; lastKnownFileType = image.png; path = "T5-1.png"; sourceTree = "<group>"; };
		7EEBCE7821A4AFEC00659C9B /* T5-2.png */ = {isa = PBXFileReference; lastKnownFileType = image.png; path = "T5-2.png"; sourceTree = "<group>"; };
		7EEBCE7921A4AFEC00659C9B /* T5-3.png */ = {isa = PBXFileReference; lastKnownFileType = image.png; path = "T5-3.png"; sourceTree = "<group>"; };
		7EEBCE7B21A4AFEC00659C9B /* T2-2.png */ = {isa = PBXFileReference; lastKnownFileType = image.png; path = "T2-2.png"; sourceTree = "<group>"; };
		7EEBCE7C21A4AFEC00659C9B /* T2-3.png */ = {isa = PBXFileReference; lastKnownFileType = image.png; path = "T2-3.png"; sourceTree = "<group>"; };
		7EEBCE7D21A4AFEC00659C9B /* T2-1.png */ = {isa = PBXFileReference; lastKnownFileType = image.png; path = "T2-1.png"; sourceTree = "<group>"; };
		7EEBCE7E21A4AFEC00659C9B /* T2-4.png */ = {isa = PBXFileReference; lastKnownFileType = image.png; path = "T2-4.png"; sourceTree = "<group>"; };
		7EEBCE7F21A4AFEC00659C9B /* T2-5.png */ = {isa = PBXFileReference; lastKnownFileType = image.png; path = "T2-5.png"; sourceTree = "<group>"; };
		7EEBCE8121A4AFEC00659C9B /* T3-1.png */ = {isa = PBXFileReference; lastKnownFileType = image.png; path = "T3-1.png"; sourceTree = "<group>"; };
		7EEBCE8221A4AFEC00659C9B /* T3-2.png */ = {isa = PBXFileReference; lastKnownFileType = image.png; path = "T3-2.png"; sourceTree = "<group>"; };
		7EEBCE8321A4AFEC00659C9B /* T3-3.png */ = {isa = PBXFileReference; lastKnownFileType = image.png; path = "T3-3.png"; sourceTree = "<group>"; };
		7EEBCE8421A4AFEC00659C9B /* T3-4.png */ = {isa = PBXFileReference; lastKnownFileType = image.png; path = "T3-4.png"; sourceTree = "<group>"; };
		7EEBCE8521A4AFEC00659C9B /* T3-5.png */ = {isa = PBXFileReference; lastKnownFileType = image.png; path = "T3-5.png"; sourceTree = "<group>"; };
		7EEBCE8721A4AFEC00659C9B /* T4-2.png */ = {isa = PBXFileReference; lastKnownFileType = image.png; path = "T4-2.png"; sourceTree = "<group>"; };
		7EEBCE8821A4AFEC00659C9B /* T4-1.png */ = {isa = PBXFileReference; lastKnownFileType = image.png; path = "T4-1.png"; sourceTree = "<group>"; };
		7EEBCE8A21A4AFEC00659C9B /* T1-4 7.18.16 PM.png */ = {isa = PBXFileReference; lastKnownFileType = image.png; path = "T1-4 7.18.16 PM.png"; sourceTree = "<group>"; };
		7EEBCE8B21A4AFEC00659C9B /* T1-3 7.18.16 PM.png */ = {isa = PBXFileReference; lastKnownFileType = image.png; path = "T1-3 7.18.16 PM.png"; sourceTree = "<group>"; };
		7EEBCE8C21A4AFEC00659C9B /* T1-2 7.18.16 PM.png */ = {isa = PBXFileReference; lastKnownFileType = image.png; path = "T1-2 7.18.16 PM.png"; sourceTree = "<group>"; };
		7EEBCE8D21A4AFEC00659C9B /* T1-3.png */ = {isa = PBXFileReference; lastKnownFileType = image.png; path = "T1-3.png"; sourceTree = "<group>"; };
		7EEBCE8E21A4AFEC00659C9B /* T1-2.png */ = {isa = PBXFileReference; lastKnownFileType = image.png; path = "T1-2.png"; sourceTree = "<group>"; };
		7EEBCE8F21A4AFEC00659C9B /* T1-1.png */ = {isa = PBXFileReference; lastKnownFileType = image.png; path = "T1-1.png"; sourceTree = "<group>"; };
		7EEBCE9021A4AFEC00659C9B /* T1-5.png */ = {isa = PBXFileReference; lastKnownFileType = image.png; path = "T1-5.png"; sourceTree = "<group>"; };
		7EEBCE9121A4AFEC00659C9B /* T1-4.png */ = {isa = PBXFileReference; lastKnownFileType = image.png; path = "T1-4.png"; sourceTree = "<group>"; };
		7EEBCE9321A4AFEC00659C9B /* T6-1.png */ = {isa = PBXFileReference; lastKnownFileType = image.png; path = "T6-1.png"; sourceTree = "<group>"; };
		7EEBCE9421A4AFEC00659C9B /* T6-3.png */ = {isa = PBXFileReference; lastKnownFileType = image.png; path = "T6-3.png"; sourceTree = "<group>"; };
		7EEBCE9521A4AFEC00659C9B /* T6-2.png */ = {isa = PBXFileReference; lastKnownFileType = image.png; path = "T6-2.png"; sourceTree = "<group>"; };
		7EEBCE9721A4AFEC00659C9B /* T8-1.png */ = {isa = PBXFileReference; lastKnownFileType = image.png; path = "T8-1.png"; sourceTree = "<group>"; };
		7EEBCE9821A4AFEC00659C9B /* T8-3.png */ = {isa = PBXFileReference; lastKnownFileType = image.png; path = "T8-3.png"; sourceTree = "<group>"; };
		7EEBCE9921A4AFEC00659C9B /* T8-2.png */ = {isa = PBXFileReference; lastKnownFileType = image.png; path = "T8-2.png"; sourceTree = "<group>"; };
		7EEBCE9B21A4AFEC00659C9B /* T7-1.png */ = {isa = PBXFileReference; lastKnownFileType = image.png; path = "T7-1.png"; sourceTree = "<group>"; };
		7EEBCED921A4B04B00659C9B /* Utility.swift */ = {isa = PBXFileReference; lastKnownFileType = sourcecode.swift; path = Utility.swift; sourceTree = "<group>"; };
		7EEBCEDD21A4B10F00659C9B /* String+extension.swift */ = {isa = PBXFileReference; lastKnownFileType = sourcecode.swift; path = "String+extension.swift"; sourceTree = "<group>"; };
		7EEBCF7921A5A7D500659C9B /* ProductService.swift */ = {isa = PBXFileReference; lastKnownFileType = sourcecode.swift; path = ProductService.swift; sourceTree = "<group>"; };
		7EEBCF7D21A5AE7200659C9B /* ProductCollectionViewCell.swift */ = {isa = PBXFileReference; lastKnownFileType = sourcecode.swift; path = ProductCollectionViewCell.swift; sourceTree = "<group>"; };
		7EEC30152214BAB8006E273D /* visa.pdf */ = {isa = PBXFileReference; lastKnownFileType = image.pdf; name = visa.pdf; path = FolledoEcommerceApp/Assets.xcassets/visa.imageset/visa.pdf; sourceTree = SOURCE_ROOT; };
		7EEC30172214BAD0006E273D /* amex.pdf */ = {isa = PBXFileReference; lastKnownFileType = image.pdf; name = amex.pdf; path = FolledoEcommerceApp/Assets.xcassets/amex.imageset/amex.pdf; sourceTree = SOURCE_ROOT; };
		7EEC30182214BAD0006E273D /* creditcard.pdf */ = {isa = PBXFileReference; lastKnownFileType = image.pdf; name = creditcard.pdf; path = FolledoEcommerceApp/Assets.xcassets/creditcard.imageset/creditcard.pdf; sourceTree = SOURCE_ROOT; };
		7EEC30192214BAD0006E273D /* mastercard.pdf */ = {isa = PBXFileReference; lastKnownFileType = image.pdf; name = mastercard.pdf; path = FolledoEcommerceApp/Assets.xcassets/mastercard.imageset/mastercard.pdf; sourceTree = SOURCE_ROOT; };
		7EECC4C421B7611F00ABE1E9 /* ProductInfoTableViewCell.swift */ = {isa = PBXFileReference; lastKnownFileType = sourcecode.swift; path = ProductInfoTableViewCell.swift; sourceTree = "<group>"; };
		7EEDED6C21F53BEB0098F1F1 /* CustomerService.swift */ = {isa = PBXFileReference; lastKnownFileType = sourcecode.swift; path = CustomerService.swift; sourceTree = "<group>"; };
		7EEDED6F21F54C200098F1F1 /* AddressViewController.swift */ = {isa = PBXFileReference; lastKnownFileType = sourcecode.swift; path = AddressViewController.swift; sourceTree = "<group>"; };
		7EEFB15421BA282E00B5FBDD /* ShoppingCart.swift */ = {isa = PBXFileReference; lastKnownFileType = sourcecode.swift; path = ShoppingCart.swift; sourceTree = "<group>"; };
		7EF027A521A31D4800E8ED2B /* StoreModelData.xcdatamodel */ = {isa = PBXFileReference; lastKnownFileType = wrapper.xcdatamodel; path = StoreModelData.xcdatamodel; sourceTree = "<group>"; };
		7EF027AB21A31D8900E8ED2B /* clothesProducts.json */ = {isa = PBXFileReference; fileEncoding = 4; lastKnownFileType = text.json; path = clothesProducts.json; sourceTree = "<group>"; };
		7EF027AC21A31D8900E8ED2B /* CoreDataStack.swift */ = {isa = PBXFileReference; fileEncoding = 4; lastKnownFileType = sourcecode.swift; path = CoreDataStack.swift; sourceTree = "<group>"; };
		7EF2E4A621AA01E3007D154D /* ProductsTableViewController.swift */ = {isa = PBXFileReference; lastKnownFileType = sourcecode.swift; path = ProductsTableViewController.swift; sourceTree = "<group>"; };
		7EF2E4A821AA01FC007D154D /* ProductsTableViewCell.swift */ = {isa = PBXFileReference; lastKnownFileType = sourcecode.swift; path = ProductsTableViewCell.swift; sourceTree = "<group>"; };
		7EF2E4AA21AA095B007D154D /* Double+extension.swift */ = {isa = PBXFileReference; lastKnownFileType = sourcecode.swift; path = "Double+extension.swift"; sourceTree = "<group>"; };
		7EF2E4AC21AA1341007D154D /* UIColor+extension.swift */ = {isa = PBXFileReference; lastKnownFileType = sourcecode.swift; path = "UIColor+extension.swift"; sourceTree = "<group>"; };
		7EF75B7D21ABA9F200DB8D9B /* MyButton.swift */ = {isa = PBXFileReference; lastKnownFileType = sourcecode.swift; path = MyButton.swift; sourceTree = "<group>"; };
		7EF75B7F21ABEF6900DB8D9B /* ProductDetailViewController.swift */ = {isa = PBXFileReference; lastKnownFileType = sourcecode.swift; path = ProductDetailViewController.swift; sourceTree = "<group>"; };
		7EF75B8121ABEFD100DB8D9B /* DetailSummaryView.swift */ = {isa = PBXFileReference; lastKnownFileType = sourcecode.swift; path = DetailSummaryView.swift; sourceTree = "<group>"; };
/* End PBXFileReference section */

/* Begin PBXFrameworksBuildPhase section */
		7EEAAE8321A1CCDA002118A1 /* Frameworks */ = {
			isa = PBXFrameworksBuildPhase;
			buildActionMask = 2147483647;
			files = (
			);
			runOnlyForDeploymentPostprocessing = 0;
		};
/* End PBXFrameworksBuildPhase section */

/* Begin PBXGroup section */
		7E281B2D2206A7EE0017BBB1 /* Payment */ = {
			isa = PBXGroup;
			children = (
				7E123FD422017DF300DA4182 /* PaymentViewController.swift */,
				7E281B332206BB710017BBB1 /* PopoverTableViewController.swift */,
			);
			path = Payment;
			sourceTree = "<group>";
		};
		7E281B2E2206A8170017BBB1 /* Payment */ = {
			isa = PBXGroup;
			children = (
				7E281B2F2206A8510017BBB1 /* ExistingCreditCardTableViewCell.swift */,
				7E281B312206A8660017BBB1 /* NewCreditCardTableViewCell.swift */,
			);
			path = Payment;
			sourceTree = "<group>";
		};
		7E49B3AF2217CCDC009B8016 /* OrderSummary */ = {
			isa = PBXGroup;
			children = (
				7E49B3B02217CCF1009B8016 /* ReviewOrderTableViewController.swift */,
				7E7058732221B6B200A9547A /* OrderConfirmationViewController.swift */,
			);
			path = OrderSummary;
			sourceTree = "<group>";
		};
		7E49B3B22217CD5D009B8016 /* OrderSummary */ = {
			isa = PBXGroup;
			children = (
				7E49B3B32217CD88009B8016 /* ShippingTableViewCell.swift */,
				7E49B3B52217CDAB009B8016 /* PaymentTableViewCell.swift */,
			);
			path = OrderSummary;
			sourceTree = "<group>";
		};
		7E94F29721C5FBD30063E0A4 /* cartCheckout */ = {
			isa = PBXGroup;
			children = (
				7E94F29821C5FC570063E0A4 /* CartTableViewController.swift */,
			);
			path = cartCheckout;
			sourceTree = "<group>";
		};
		7E94F29A21C600640063E0A4 /* cartCheckout */ = {
			isa = PBXGroup;
			children = (
				7E94F29B21C6008A0063E0A4 /* ItemInCartTableViewCell.swift */,
				7E94F29C21C6008A0063E0A4 /* ItemInCartTableViewCell.xib */,
			);
			path = cartCheckout;
			sourceTree = "<group>";
		};
		7EE741C521EEB6C700D0F0C5 /* Login */ = {
			isa = PBXGroup;
			children = (
				7EE741C621EEB6FC00D0F0C5 /* LoginViewController.swift */,
			);
			path = Login;
			sourceTree = "<group>";
		};
		7EEAAE7D21A1CCDA002118A1 = {
			isa = PBXGroup;
			children = (
				7EEAAE8821A1CCDA002118A1 /* FolledoEcommerceApp */,
				7EEAAE8721A1CCDA002118A1 /* Products */,
			);
			sourceTree = "<group>";
		};
		7EEAAE8721A1CCDA002118A1 /* Products */ = {
			isa = PBXGroup;
			children = (
				7EEAAE8621A1CCDA002118A1 /* FolledoEcommerceApp.app */,
			);
			name = Products;
			sourceTree = "<group>";
		};
		7EEAAE8821A1CCDA002118A1 /* FolledoEcommerceApp */ = {
			isa = PBXGroup;
			children = (
				7EEAAE8921A1CCDA002118A1 /* AppDelegate.swift */,
				7EEAAE8D21A1CCDA002118A1 /* Main.storyboard */,
				7EEAAE9B21A2057A002118A1 /* Controllers */,
				7EEBCF7B21A5AE4D00659C9B /* View */,
				7EEBCF7821A5A7B600659C9B /* Model */,
				7EF027AF21A31D9300E8ED2B /* DataModel */,
				7EEBCED821A4B01600659C9B /* helper */,
				7EEBCEDC21A4B0E600659C9B /* extension */,
				7EEAAE9021A1CCDF002118A1 /* Assets.xcassets */,
				7EEBCE4F21A4AF6600659C9B /* assets */,
				7EEAAE9221A1CCDF002118A1 /* LaunchScreen.storyboard */,
				7EEAAE9521A1CCDF002118A1 /* Info.plist */,
			);
			path = FolledoEcommerceApp;
			sourceTree = "<group>";
		};
		7EEAAE9B21A2057A002118A1 /* Controllers */ = {
			isa = PBXGroup;
			children = (
				7E49B3AF2217CCDC009B8016 /* OrderSummary */,
				7EEDED6E21F54C090098F1F1 /* Customer */,
				7E281B2D2206A7EE0017BBB1 /* Payment */,
				7EE741C521EEB6C700D0F0C5 /* Login */,
				7E94F29721C5FBD30063E0A4 /* cartCheckout */,
				7EF2E4A421AA013D007D154D /* Browse */,
				7EEBCF7F21A5AF1A00659C9B /* Home */,
			);
			path = Controllers;
			sourceTree = "<group>";
		};
		7EEBCE4F21A4AF6600659C9B /* assets */ = {
			isa = PBXGroup;
			children = (
				7EEC30142214BA9B006E273D /* appAssets */,
				7EF75B7C21ABA9D600DB8D9B /* button */,
				7EEBCE5021A4AFEB00659C9B /* pants */,
				7EEBCE7321A4AFEC00659C9B /* top */,
			);
			path = assets;
			sourceTree = "<group>";
		};
		7EEBCE5021A4AFEB00659C9B /* pants */ = {
			isa = PBXGroup;
			children = (
				7EEBCE5121A4AFEB00659C9B /* p4 */,
				7EEBCE5621A4AFEB00659C9B /* p3 */,
				7EEBCE5B21A4AFEB00659C9B /* p2 */,
				7EEBCE6121A4AFEB00659C9B /* p5 */,
				7EEBCE6721A4AFEB00659C9B /* p6 */,
				7EEBCE6D21A4AFEB00659C9B /* p1 */,
			);
			path = pants;
			sourceTree = "<group>";
		};
		7EEBCE5121A4AFEB00659C9B /* p4 */ = {
			isa = PBXGroup;
			children = (
				7EEBCE5221A4AFEB00659C9B /* P4-3.png */,
				7EEBCE5321A4AFEB00659C9B /* P4-2.png */,
				7EEBCE5421A4AFEB00659C9B /* P4-1.png */,
				7EEBCE5521A4AFEB00659C9B /* P4-4.png */,
			);
			path = p4;
			sourceTree = "<group>";
		};
		7EEBCE5621A4AFEB00659C9B /* p3 */ = {
			isa = PBXGroup;
			children = (
				7EEBCE5721A4AFEB00659C9B /* P3-4.png */,
				7EEBCE5821A4AFEB00659C9B /* P3-1.png */,
				7EEBCE5921A4AFEB00659C9B /* P3-3.png */,
				7EEBCE5A21A4AFEB00659C9B /* P3-2.png */,
			);
			path = p3;
			sourceTree = "<group>";
		};
		7EEBCE5B21A4AFEB00659C9B /* p2 */ = {
			isa = PBXGroup;
			children = (
				7EEBCE5C21A4AFEB00659C9B /* P2-5.png */,
				7EEBCE5D21A4AFEB00659C9B /* P2-4.png */,
				7EEBCE5E21A4AFEB00659C9B /* P2-3.png */,
				7EEBCE5F21A4AFEB00659C9B /* P2-2.png */,
				7EEBCE6021A4AFEB00659C9B /* P2-1.png */,
			);
			path = p2;
			sourceTree = "<group>";
		};
		7EEBCE6121A4AFEB00659C9B /* p5 */ = {
			isa = PBXGroup;
			children = (
				7EEBCE6221A4AFEB00659C9B /* P5-1.png */,
				7EEBCE6321A4AFEB00659C9B /* P5-3.png */,
				7EEBCE6421A4AFEB00659C9B /* P5-2.png */,
				7EEBCE6521A4AFEB00659C9B /* P5-5.png */,
				7EEBCE6621A4AFEB00659C9B /* P5-4.png */,
			);
			path = p5;
			sourceTree = "<group>";
		};
		7EEBCE6721A4AFEB00659C9B /* p6 */ = {
			isa = PBXGroup;
			children = (
				7EEBCE6821A4AFEB00659C9B /* P6-1.png */,
				7EEBCE6921A4AFEB00659C9B /* P6-2.png */,
				7EEBCE6A21A4AFEB00659C9B /* P6-3.png */,
				7EEBCE6B21A4AFEB00659C9B /* P6-4.png */,
				7EEBCE6C21A4AFEB00659C9B /* P6-5.png */,
			);
			path = p6;
			sourceTree = "<group>";
		};
		7EEBCE6D21A4AFEB00659C9B /* p1 */ = {
			isa = PBXGroup;
			children = (
				7EEBCE6E21A4AFEB00659C9B /* P1-4.png */,
				7EEBCE6F21A4AFEB00659C9B /* P1-5.png */,
				7EEBCE7021A4AFEB00659C9B /* P1-2.png */,
				7EEBCE7121A4AFEB00659C9B /* P1-3.png */,
				7EEBCE7221A4AFEB00659C9B /* P1-1.png */,
			);
			path = p1;
			sourceTree = "<group>";
		};
		7EEBCE7321A4AFEC00659C9B /* top */ = {
			isa = PBXGroup;
			children = (
				7EEBCE7421A4AFEC00659C9B /* t5 */,
				7EEBCE7A21A4AFEC00659C9B /* t2 */,
				7EEBCE8021A4AFEC00659C9B /* t3 */,
				7EEBCE8621A4AFEC00659C9B /* t4 */,
				7EEBCE8921A4AFEC00659C9B /* t1 */,
				7EEBCE9221A4AFEC00659C9B /* t6 */,
				7EEBCE9621A4AFEC00659C9B /* t8 */,
				7EEBCE9A21A4AFEC00659C9B /* t7 */,
			);
			path = top;
			sourceTree = "<group>";
		};
		7EEBCE7421A4AFEC00659C9B /* t5 */ = {
			isa = PBXGroup;
			children = (
				7EEBCE7521A4AFEC00659C9B /* T5-4.png */,
				7EEBCE7621A4AFEC00659C9B /* T5-5.png */,
				7EEBCE7721A4AFEC00659C9B /* T5-1.png */,
				7EEBCE7821A4AFEC00659C9B /* T5-2.png */,
				7EEBCE7921A4AFEC00659C9B /* T5-3.png */,
			);
			path = t5;
			sourceTree = "<group>";
		};
		7EEBCE7A21A4AFEC00659C9B /* t2 */ = {
			isa = PBXGroup;
			children = (
				7EEBCE7B21A4AFEC00659C9B /* T2-2.png */,
				7EEBCE7C21A4AFEC00659C9B /* T2-3.png */,
				7EEBCE7D21A4AFEC00659C9B /* T2-1.png */,
				7EEBCE7E21A4AFEC00659C9B /* T2-4.png */,
				7EEBCE7F21A4AFEC00659C9B /* T2-5.png */,
			);
			path = t2;
			sourceTree = "<group>";
		};
		7EEBCE8021A4AFEC00659C9B /* t3 */ = {
			isa = PBXGroup;
			children = (
				7EEBCE8121A4AFEC00659C9B /* T3-1.png */,
				7EEBCE8221A4AFEC00659C9B /* T3-2.png */,
				7EEBCE8321A4AFEC00659C9B /* T3-3.png */,
				7EEBCE8421A4AFEC00659C9B /* T3-4.png */,
				7EEBCE8521A4AFEC00659C9B /* T3-5.png */,
			);
			path = t3;
			sourceTree = "<group>";
		};
		7EEBCE8621A4AFEC00659C9B /* t4 */ = {
			isa = PBXGroup;
			children = (
				7EEBCE8721A4AFEC00659C9B /* T4-2.png */,
				7EEBCE8821A4AFEC00659C9B /* T4-1.png */,
			);
			path = t4;
			sourceTree = "<group>";
		};
		7EEBCE8921A4AFEC00659C9B /* t1 */ = {
			isa = PBXGroup;
			children = (
				7EEBCE8A21A4AFEC00659C9B /* T1-4 7.18.16 PM.png */,
				7EEBCE8B21A4AFEC00659C9B /* T1-3 7.18.16 PM.png */,
				7EEBCE8C21A4AFEC00659C9B /* T1-2 7.18.16 PM.png */,
				7EEBCE8D21A4AFEC00659C9B /* T1-3.png */,
				7EEBCE8E21A4AFEC00659C9B /* T1-2.png */,
				7EEBCE8F21A4AFEC00659C9B /* T1-1.png */,
				7EEBCE9021A4AFEC00659C9B /* T1-5.png */,
				7EEBCE9121A4AFEC00659C9B /* T1-4.png */,
			);
			path = t1;
			sourceTree = "<group>";
		};
		7EEBCE9221A4AFEC00659C9B /* t6 */ = {
			isa = PBXGroup;
			children = (
				7EEBCE9321A4AFEC00659C9B /* T6-1.png */,
				7EEBCE9421A4AFEC00659C9B /* T6-3.png */,
				7EEBCE9521A4AFEC00659C9B /* T6-2.png */,
			);
			path = t6;
			sourceTree = "<group>";
		};
		7EEBCE9621A4AFEC00659C9B /* t8 */ = {
			isa = PBXGroup;
			children = (
				7EEBCE9721A4AFEC00659C9B /* T8-1.png */,
				7EEBCE9821A4AFEC00659C9B /* T8-3.png */,
				7EEBCE9921A4AFEC00659C9B /* T8-2.png */,
			);
			path = t8;
			sourceTree = "<group>";
		};
		7EEBCE9A21A4AFEC00659C9B /* t7 */ = {
			isa = PBXGroup;
			children = (
				7EEBCE9B21A4AFEC00659C9B /* T7-1.png */,
			);
			path = t7;
			sourceTree = "<group>";
		};
		7EEBCED821A4B01600659C9B /* helper */ = {
			isa = PBXGroup;
			children = (
				7EEBCED921A4B04B00659C9B /* Utility.swift */,
				7E08F0AF21AB964D00A1F213 /* UserRating.swift */,
			);
			path = helper;
			sourceTree = "<group>";
		};
		7EEBCEDC21A4B0E600659C9B /* extension */ = {
			isa = PBXGroup;
			children = (
				7EEBCEDD21A4B10F00659C9B /* String+extension.swift */,
				7EE84DDD21B5066600D80208 /* UIImage+extension.swift */,
				7EF2E4AA21AA095B007D154D /* Double+extension.swift */,
				7EF2E4AC21AA1341007D154D /* UIColor+extension.swift */,
			);
			path = extension;
			sourceTree = "<group>";
		};
		7EEBCF7821A5A7B600659C9B /* Model */ = {
			isa = PBXGroup;
			children = (
				7EEBCF7921A5A7D500659C9B /* ProductService.swift */,
				7EEFB15421BA282E00B5FBDD /* ShoppingCart.swift */,
				7EEDED6C21F53BEB0098F1F1 /* CustomerService.swift */,
			);
			path = Model;
			sourceTree = "<group>";
		};
		7EEBCF7B21A5AE4D00659C9B /* View */ = {
			isa = PBXGroup;
			children = (
				7E49B3B22217CD5D009B8016 /* OrderSummary */,
				7E281B2E2206A8170017BBB1 /* Payment */,
				7E94F29A21C600640063E0A4 /* cartCheckout */,
				7EF2E4A521AA018C007D154D /* Browse */,
				7EEBCF7C21A5AE5A00659C9B /* Home */,
			);
			path = View;
			sourceTree = "<group>";
		};
		7EEBCF7C21A5AE5A00659C9B /* Home */ = {
			isa = PBXGroup;
			children = (
				7EEBCF7D21A5AE7200659C9B /* ProductCollectionViewCell.swift */,
			);
			path = Home;
			sourceTree = "<group>";
		};
		7EEBCF7F21A5AF1A00659C9B /* Home */ = {
			isa = PBXGroup;
			children = (
				7EEAAE9E21A205A4002118A1 /* HomeViewController.swift */,
				7EEAAE9C21A20599002118A1 /* PromoContentViewController.swift */,
			);
			path = Home;
			sourceTree = "<group>";
		};
		7EEC30142214BA9B006E273D /* appAssets */ = {
			isa = PBXGroup;
			children = (
				7EEC30152214BAB8006E273D /* visa.pdf */,
				7EEC30172214BAD0006E273D /* amex.pdf */,
				7EEC30182214BAD0006E273D /* creditcard.pdf */,
				7EEC30192214BAD0006E273D /* mastercard.pdf */,
			);
			path = appAssets;
			sourceTree = "<group>";
		};
		7EEDED6E21F54C090098F1F1 /* Customer */ = {
			isa = PBXGroup;
			children = (
				7EEDED6F21F54C200098F1F1 /* AddressViewController.swift */,
				7E051DE321F575940045DF1C /* CustomerViewController.swift */,
			);
			path = Customer;
			sourceTree = "<group>";
		};
		7EF027AF21A31D9300E8ED2B /* DataModel */ = {
			isa = PBXGroup;
			children = (
				7EF027AB21A31D8900E8ED2B /* clothesProducts.json */,
				7EF027AC21A31D8900E8ED2B /* CoreDataStack.swift */,
				7EF027A421A31D4800E8ED2B /* StoreDataModel.xcdatamodeld */,
			);
			path = DataModel;
			sourceTree = "<group>";
		};
		7EF2E4A421AA013D007D154D /* Browse */ = {
			isa = PBXGroup;
			children = (
				7EF2E4A621AA01E3007D154D /* ProductsTableViewController.swift */,
				7EF75B7F21ABEF6900DB8D9B /* ProductDetailViewController.swift */,
				7E22746721B8F2FB004A9EFE /* QuantityTableViewController.swift */,
			);
			path = Browse;
			sourceTree = "<group>";
		};
		7EF2E4A521AA018C007D154D /* Browse */ = {
			isa = PBXGroup;
			children = (
				7EF2E4A821AA01FC007D154D /* ProductsTableViewCell.swift */,
				7EF75B8121ABEFD100DB8D9B /* DetailSummaryView.swift */,
				7EECC4C421B7611F00ABE1E9 /* ProductInfoTableViewCell.swift */,
			);
			path = Browse;
			sourceTree = "<group>";
		};
		7EF75B7C21ABA9D600DB8D9B /* button */ = {
			isa = PBXGroup;
			children = (
				7EF75B7D21ABA9F200DB8D9B /* MyButton.swift */,
			);
			path = button;
			sourceTree = "<group>";
		};
/* End PBXGroup section */

/* Begin PBXNativeTarget section */
		7EEAAE8521A1CCDA002118A1 /* FolledoEcommerceApp */ = {
			isa = PBXNativeTarget;
			buildConfigurationList = 7EEAAE9821A1CCDF002118A1 /* Build configuration list for PBXNativeTarget "FolledoEcommerceApp" */;
			buildPhases = (
				7EEAAE8221A1CCDA002118A1 /* Sources */,
				7EEAAE8321A1CCDA002118A1 /* Frameworks */,
				7EEAAE8421A1CCDA002118A1 /* Resources */,
			);
			buildRules = (
			);
			dependencies = (
			);
			name = FolledoEcommerceApp;
			productName = FolledoEcommerceApp;
			productReference = 7EEAAE8621A1CCDA002118A1 /* FolledoEcommerceApp.app */;
			productType = "com.apple.product-type.application";
		};
/* End PBXNativeTarget section */

/* Begin PBXProject section */
		7EEAAE7E21A1CCDA002118A1 /* Project object */ = {
			isa = PBXProject;
			attributes = {
				LastSwiftUpdateCheck = 1010;
				LastUpgradeCheck = 1010;
				ORGANIZATIONNAME = "Samuel Folledo";
				TargetAttributes = {
					7EEAAE8521A1CCDA002118A1 = {
						CreatedOnToolsVersion = 10.1;
					};
				};
			};
			buildConfigurationList = 7EEAAE8121A1CCDA002118A1 /* Build configuration list for PBXProject "FolledoEcommerceApp" */;
			compatibilityVersion = "Xcode 9.3";
			developmentRegion = en;
			hasScannedForEncodings = 0;
			knownRegions = (
				en,
				Base,
			);
			mainGroup = 7EEAAE7D21A1CCDA002118A1;
			productRefGroup = 7EEAAE8721A1CCDA002118A1 /* Products */;
			projectDirPath = "";
			projectRoot = "";
			targets = (
				7EEAAE8521A1CCDA002118A1 /* FolledoEcommerceApp */,
			);
		};
/* End PBXProject section */

/* Begin PBXResourcesBuildPhase section */
		7EEAAE8421A1CCDA002118A1 /* Resources */ = {
			isa = PBXResourcesBuildPhase;
			buildActionMask = 2147483647;
			files = (
				7EEBCEB221A4AFEC00659C9B /* P6-5.png in Resources */,
				7EEBCEAF21A4AFEC00659C9B /* P6-2.png in Resources */,
				7EEBCECB21A4AFEC00659C9B /* T1-2 7.18.16 PM.png in Resources */,
				7EEBCEA921A4AFEC00659C9B /* P5-1.png in Resources */,
				7EEBCEB021A4AFEC00659C9B /* P6-3.png in Resources */,
				7EEBCEA521A4AFEC00659C9B /* P2-4.png in Resources */,
				7EEBCEB321A4AFEC00659C9B /* P1-4.png in Resources */,
				7EEBCED121A4AFEC00659C9B /* T6-1.png in Resources */,
				7E94F29E21C6008A0063E0A4 /* ItemInCartTableViewCell.xib in Resources */,
				7EEBCEA021A4AFEC00659C9B /* P3-4.png in Resources */,
				7EEBCED621A4AFEC00659C9B /* T8-2.png in Resources */,
				7EEBCEBF21A4AFEC00659C9B /* T2-1.png in Resources */,
				7EEBCEAC21A4AFEC00659C9B /* P5-5.png in Resources */,
				7EEC301A2214BAD0006E273D /* amex.pdf in Resources */,
				7EEBCEC321A4AFEC00659C9B /* T3-2.png in Resources */,
				7EEC301B2214BAD0006E273D /* creditcard.pdf in Resources */,
				7EEBCED321A4AFEC00659C9B /* T6-2.png in Resources */,
				7EEBCEC121A4AFEC00659C9B /* T2-5.png in Resources */,
				7EEBCECC21A4AFEC00659C9B /* T1-3.png in Resources */,
				7EEBCE9F21A4AFEC00659C9B /* P4-4.png in Resources */,
				7EEBCEA121A4AFEC00659C9B /* P3-1.png in Resources */,
				7EEBCEC521A4AFEC00659C9B /* T3-4.png in Resources */,
				7EEBCEBD21A4AFEC00659C9B /* T2-2.png in Resources */,
				7EEBCED521A4AFEC00659C9B /* T8-3.png in Resources */,
				7EEBCE9D21A4AFEC00659C9B /* P4-2.png in Resources */,
				7EEC30162214BAB8006E273D /* visa.pdf in Resources */,
				7EEAAE9421A1CCDF002118A1 /* LaunchScreen.storyboard in Resources */,
				7EEBCEAB21A4AFEC00659C9B /* P5-2.png in Resources */,
				7EEBCEC721A4AFEC00659C9B /* T4-2.png in Resources */,
				7EEBCEA821A4AFEC00659C9B /* P2-1.png in Resources */,
				7EEBCEBE21A4AFEC00659C9B /* T2-3.png in Resources */,
				7EEBCEB121A4AFEC00659C9B /* P6-4.png in Resources */,
				7EEBCEBC21A4AFEC00659C9B /* T5-3.png in Resources */,
				7EEAAE9121A1CCDF002118A1 /* Assets.xcassets in Resources */,
				7EEBCEC621A4AFEC00659C9B /* T3-5.png in Resources */,
				7EEBCECD21A4AFEC00659C9B /* T1-2.png in Resources */,
				7EEBCEB621A4AFEC00659C9B /* P1-3.png in Resources */,
				7EEBCEA421A4AFEC00659C9B /* P2-5.png in Resources */,
				7EEBCEB921A4AFEC00659C9B /* T5-5.png in Resources */,
				7EEBCEAA21A4AFEC00659C9B /* P5-3.png in Resources */,
				7EEBCED721A4AFEC00659C9B /* T7-1.png in Resources */,
				7EEBCEB421A4AFEC00659C9B /* P1-5.png in Resources */,
				7EEBCEC421A4AFEC00659C9B /* T3-3.png in Resources */,
				7EEBCEC021A4AFEC00659C9B /* T2-4.png in Resources */,
				7EEBCEA221A4AFEC00659C9B /* P3-3.png in Resources */,
				7EEBCE9C21A4AFEC00659C9B /* P4-3.png in Resources */,
				7EF027AD21A31D8900E8ED2B /* clothesProducts.json in Resources */,
				7EEBCEC221A4AFEC00659C9B /* T3-1.png in Resources */,
				7EEBCEA321A4AFEC00659C9B /* P3-2.png in Resources */,
				7EEBCED421A4AFEC00659C9B /* T8-1.png in Resources */,
				7EEBCEAD21A4AFEC00659C9B /* P5-4.png in Resources */,
				7EEBCEA721A4AFEC00659C9B /* P2-2.png in Resources */,
				7EEBCECF21A4AFEC00659C9B /* T1-5.png in Resources */,
				7EEBCECE21A4AFEC00659C9B /* T1-1.png in Resources */,
				7EEBCEC821A4AFEC00659C9B /* T4-1.png in Resources */,
				7EEBCEBB21A4AFEC00659C9B /* T5-2.png in Resources */,
				7EEBCEBA21A4AFEC00659C9B /* T5-1.png in Resources */,
				7EEC301C2214BAD0006E273D /* mastercard.pdf in Resources */,
				7EEBCEC921A4AFEC00659C9B /* T1-4 7.18.16 PM.png in Resources */,
				7EEBCED021A4AFEC00659C9B /* T1-4.png in Resources */,
				7EEBCEB721A4AFEC00659C9B /* P1-1.png in Resources */,
				7EEBCEB821A4AFEC00659C9B /* T5-4.png in Resources */,
				7EEBCEAE21A4AFEC00659C9B /* P6-1.png in Resources */,
				7EEBCEA621A4AFEC00659C9B /* P2-3.png in Resources */,
				7EEBCEB521A4AFEC00659C9B /* P1-2.png in Resources */,
				7EEBCED221A4AFEC00659C9B /* T6-3.png in Resources */,
				7EEAAE8F21A1CCDA002118A1 /* Main.storyboard in Resources */,
				7EEBCE9E21A4AFEC00659C9B /* P4-1.png in Resources */,
				7EEBCECA21A4AFEC00659C9B /* T1-3 7.18.16 PM.png in Resources */,
			);
			runOnlyForDeploymentPostprocessing = 0;
		};
/* End PBXResourcesBuildPhase section */

/* Begin PBXSourcesBuildPhase section */
		7EEAAE8221A1CCDA002118A1 /* Sources */ = {
			isa = PBXSourcesBuildPhase;
			buildActionMask = 2147483647;
			files = (
				7EF2E4AB21AA095B007D154D /* Double+extension.swift in Sources */,
				7E94F29921C5FC570063E0A4 /* CartTableViewController.swift in Sources */,
				7EF027AE21A31D8900E8ED2B /* CoreDataStack.swift in Sources */,
				7E051DE421F575940045DF1C /* CustomerViewController.swift in Sources */,
				7EF75B8221ABEFD100DB8D9B /* DetailSummaryView.swift in Sources */,
				7EE84DDE21B5066600D80208 /* UIImage+extension.swift in Sources */,
				7EF75B7E21ABA9F200DB8D9B /* MyButton.swift in Sources */,
				7E123FD522017DF300DA4182 /* PaymentViewController.swift in Sources */,
				7EEBCF7A21A5A7D500659C9B /* ProductService.swift in Sources */,
				7EF2E4AD21AA1341007D154D /* UIColor+extension.swift in Sources */,
				7EF027A821A31D4800E8ED2B /* StoreDataModel.xcdatamodeld in Sources */,
				7EEBCEDA21A4B04B00659C9B /* Utility.swift in Sources */,
				7EEAAE9D21A20599002118A1 /* PromoContentViewController.swift in Sources */,
				7E94F29D21C6008A0063E0A4 /* ItemInCartTableViewCell.swift in Sources */,
				7E281B322206A8660017BBB1 /* NewCreditCardTableViewCell.swift in Sources */,
				7EEDED6D21F53BEB0098F1F1 /* CustomerService.swift in Sources */,
				7EE741C721EEB6FC00D0F0C5 /* LoginViewController.swift in Sources */,
				7EEAAE8A21A1CCDA002118A1 /* AppDelegate.swift in Sources */,
				7EEBCEDE21A4B10F00659C9B /* String+extension.swift in Sources */,
				7EEBCF7E21A5AE7200659C9B /* ProductCollectionViewCell.swift in Sources */,
				7E49B3B12217CCF1009B8016 /* ReviewOrderTableViewController.swift in Sources */,
				7EEFB15521BA282E00B5FBDD /* ShoppingCart.swift in Sources */,
				7E49B3B42217CD88009B8016 /* ShippingTableViewCell.swift in Sources */,
				7E281B302206A8510017BBB1 /* ExistingCreditCardTableViewCell.swift in Sources */,
				7EF2E4A921AA01FC007D154D /* ProductsTableViewCell.swift in Sources */,
				7E7058742221B6B200A9547A /* OrderConfirmationViewController.swift in Sources */,
				7E22746821B8F2FB004A9EFE /* QuantityTableViewController.swift in Sources */,
				7EECC4C521B7611F00ABE1E9 /* ProductInfoTableViewCell.swift in Sources */,
				7EEAAE9F21A205A4002118A1 /* HomeViewController.swift in Sources */,
				7E281B342206BB710017BBB1 /* PopoverTableViewController.swift in Sources */,
				7EF75B8021ABEF6900DB8D9B /* ProductDetailViewController.swift in Sources */,
				7EF2E4A721AA01E3007D154D /* ProductsTableViewController.swift in Sources */,
				7E08F0B021AB964D00A1F213 /* UserRating.swift in Sources */,
				7E49B3B62217CDAB009B8016 /* PaymentTableViewCell.swift in Sources */,
				7EEDED7021F54C200098F1F1 /* AddressViewController.swift in Sources */,
			);
			runOnlyForDeploymentPostprocessing = 0;
		};
/* End PBXSourcesBuildPhase section */

/* Begin PBXVariantGroup section */
		7EEAAE8D21A1CCDA002118A1 /* Main.storyboard */ = {
			isa = PBXVariantGroup;
			children = (
				7EEAAE8E21A1CCDA002118A1 /* Base */,
			);
			name = Main.storyboard;
			sourceTree = "<group>";
		};
		7EEAAE9221A1CCDF002118A1 /* LaunchScreen.storyboard */ = {
			isa = PBXVariantGroup;
			children = (
				7EEAAE9321A1CCDF002118A1 /* Base */,
			);
			name = LaunchScreen.storyboard;
			sourceTree = "<group>";
		};
/* End PBXVariantGroup section */

/* Begin XCBuildConfiguration section */
		7EEAAE9621A1CCDF002118A1 /* Debug */ = {
			isa = XCBuildConfiguration;
			buildSettings = {
				ALWAYS_SEARCH_USER_PATHS = NO;
				CLANG_ANALYZER_NONNULL = YES;
				CLANG_ANALYZER_NUMBER_OBJECT_CONVERSION = YES_AGGRESSIVE;
				CLANG_CXX_LANGUAGE_STANDARD = "gnu++14";
				CLANG_CXX_LIBRARY = "libc++";
				CLANG_ENABLE_MODULES = YES;
				CLANG_ENABLE_OBJC_ARC = YES;
				CLANG_ENABLE_OBJC_WEAK = YES;
				CLANG_WARN_BLOCK_CAPTURE_AUTORELEASING = YES;
				CLANG_WARN_BOOL_CONVERSION = YES;
				CLANG_WARN_COMMA = YES;
				CLANG_WARN_CONSTANT_CONVERSION = YES;
				CLANG_WARN_DEPRECATED_OBJC_IMPLEMENTATIONS = YES;
				CLANG_WARN_DIRECT_OBJC_ISA_USAGE = YES_ERROR;
				CLANG_WARN_DOCUMENTATION_COMMENTS = YES;
				CLANG_WARN_EMPTY_BODY = YES;
				CLANG_WARN_ENUM_CONVERSION = YES;
				CLANG_WARN_INFINITE_RECURSION = YES;
				CLANG_WARN_INT_CONVERSION = YES;
				CLANG_WARN_NON_LITERAL_NULL_CONVERSION = YES;
				CLANG_WARN_OBJC_IMPLICIT_RETAIN_SELF = YES;
				CLANG_WARN_OBJC_LITERAL_CONVERSION = YES;
				CLANG_WARN_OBJC_ROOT_CLASS = YES_ERROR;
				CLANG_WARN_RANGE_LOOP_ANALYSIS = YES;
				CLANG_WARN_STRICT_PROTOTYPES = YES;
				CLANG_WARN_SUSPICIOUS_MOVE = YES;
				CLANG_WARN_UNGUARDED_AVAILABILITY = YES_AGGRESSIVE;
				CLANG_WARN_UNREACHABLE_CODE = YES;
				CLANG_WARN__DUPLICATE_METHOD_MATCH = YES;
				CODE_SIGN_IDENTITY = "iPhone Developer";
				COPY_PHASE_STRIP = NO;
				DEBUG_INFORMATION_FORMAT = dwarf;
				ENABLE_STRICT_OBJC_MSGSEND = YES;
				ENABLE_TESTABILITY = YES;
				GCC_C_LANGUAGE_STANDARD = gnu11;
				GCC_DYNAMIC_NO_PIC = NO;
				GCC_NO_COMMON_BLOCKS = YES;
				GCC_OPTIMIZATION_LEVEL = 0;
				GCC_PREPROCESSOR_DEFINITIONS = (
					"DEBUG=1",
					"$(inherited)",
				);
				GCC_WARN_64_TO_32_BIT_CONVERSION = YES;
				GCC_WARN_ABOUT_RETURN_TYPE = YES_ERROR;
				GCC_WARN_UNDECLARED_SELECTOR = YES;
				GCC_WARN_UNINITIALIZED_AUTOS = YES_AGGRESSIVE;
				GCC_WARN_UNUSED_FUNCTION = YES;
				GCC_WARN_UNUSED_VARIABLE = YES;
				IPHONEOS_DEPLOYMENT_TARGET = 12.1;
				MTL_ENABLE_DEBUG_INFO = INCLUDE_SOURCE;
				MTL_FAST_MATH = YES;
				ONLY_ACTIVE_ARCH = YES;
				SDKROOT = iphoneos;
				SWIFT_ACTIVE_COMPILATION_CONDITIONS = DEBUG;
				SWIFT_OPTIMIZATION_LEVEL = "-Onone";
			};
			name = Debug;
		};
		7EEAAE9721A1CCDF002118A1 /* Release */ = {
			isa = XCBuildConfiguration;
			buildSettings = {
				ALWAYS_SEARCH_USER_PATHS = NO;
				CLANG_ANALYZER_NONNULL = YES;
				CLANG_ANALYZER_NUMBER_OBJECT_CONVERSION = YES_AGGRESSIVE;
				CLANG_CXX_LANGUAGE_STANDARD = "gnu++14";
				CLANG_CXX_LIBRARY = "libc++";
				CLANG_ENABLE_MODULES = YES;
				CLANG_ENABLE_OBJC_ARC = YES;
				CLANG_ENABLE_OBJC_WEAK = YES;
				CLANG_WARN_BLOCK_CAPTURE_AUTORELEASING = YES;
				CLANG_WARN_BOOL_CONVERSION = YES;
				CLANG_WARN_COMMA = YES;
				CLANG_WARN_CONSTANT_CONVERSION = YES;
				CLANG_WARN_DEPRECATED_OBJC_IMPLEMENTATIONS = YES;
				CLANG_WARN_DIRECT_OBJC_ISA_USAGE = YES_ERROR;
				CLANG_WARN_DOCUMENTATION_COMMENTS = YES;
				CLANG_WARN_EMPTY_BODY = YES;
				CLANG_WARN_ENUM_CONVERSION = YES;
				CLANG_WARN_INFINITE_RECURSION = YES;
				CLANG_WARN_INT_CONVERSION = YES;
				CLANG_WARN_NON_LITERAL_NULL_CONVERSION = YES;
				CLANG_WARN_OBJC_IMPLICIT_RETAIN_SELF = YES;
				CLANG_WARN_OBJC_LITERAL_CONVERSION = YES;
				CLANG_WARN_OBJC_ROOT_CLASS = YES_ERROR;
				CLANG_WARN_RANGE_LOOP_ANALYSIS = YES;
				CLANG_WARN_STRICT_PROTOTYPES = YES;
				CLANG_WARN_SUSPICIOUS_MOVE = YES;
				CLANG_WARN_UNGUARDED_AVAILABILITY = YES_AGGRESSIVE;
				CLANG_WARN_UNREACHABLE_CODE = YES;
				CLANG_WARN__DUPLICATE_METHOD_MATCH = YES;
				CODE_SIGN_IDENTITY = "iPhone Developer";
				COPY_PHASE_STRIP = NO;
				DEBUG_INFORMATION_FORMAT = "dwarf-with-dsym";
				ENABLE_NS_ASSERTIONS = NO;
				ENABLE_STRICT_OBJC_MSGSEND = YES;
				GCC_C_LANGUAGE_STANDARD = gnu11;
				GCC_NO_COMMON_BLOCKS = YES;
				GCC_WARN_64_TO_32_BIT_CONVERSION = YES;
				GCC_WARN_ABOUT_RETURN_TYPE = YES_ERROR;
				GCC_WARN_UNDECLARED_SELECTOR = YES;
				GCC_WARN_UNINITIALIZED_AUTOS = YES_AGGRESSIVE;
				GCC_WARN_UNUSED_FUNCTION = YES;
				GCC_WARN_UNUSED_VARIABLE = YES;
				IPHONEOS_DEPLOYMENT_TARGET = 12.1;
				MTL_ENABLE_DEBUG_INFO = NO;
				MTL_FAST_MATH = YES;
				SDKROOT = iphoneos;
				SWIFT_COMPILATION_MODE = wholemodule;
				SWIFT_OPTIMIZATION_LEVEL = "-O";
				VALIDATE_PRODUCT = YES;
			};
			name = Release;
		};
		7EEAAE9921A1CCDF002118A1 /* Debug */ = {
			isa = XCBuildConfiguration;
			buildSettings = {
				ASSETCATALOG_COMPILER_APPICON_NAME = AppIcon;
				CODE_SIGN_STYLE = Automatic;
				DEVELOPMENT_TEAM = 8KSKUH7X29;
				INFOPLIST_FILE = FolledoEcommerceApp/Info.plist;
				IPHONEOS_DEPLOYMENT_TARGET = 11.2;
				LD_RUNPATH_SEARCH_PATHS = (
					"$(inherited)",
					"@executable_path/Frameworks",
				);
				PRODUCT_BUNDLE_IDENTIFIER = com.FolledoSwag.FolledoEcommerceApp;
				PRODUCT_NAME = "$(TARGET_NAME)";
				SWIFT_VERSION = 4.2;
				TARGETED_DEVICE_FAMILY = "1,2";
			};
			name = Debug;
		};
		7EEAAE9A21A1CCDF002118A1 /* Release */ = {
			isa = XCBuildConfiguration;
			buildSettings = {
				ASSETCATALOG_COMPILER_APPICON_NAME = AppIcon;
				CODE_SIGN_STYLE = Automatic;
				DEVELOPMENT_TEAM = 8KSKUH7X29;
				INFOPLIST_FILE = FolledoEcommerceApp/Info.plist;
				IPHONEOS_DEPLOYMENT_TARGET = 11.2;
				LD_RUNPATH_SEARCH_PATHS = (
					"$(inherited)",
					"@executable_path/Frameworks",
				);
				PRODUCT_BUNDLE_IDENTIFIER = com.FolledoSwag.FolledoEcommerceApp;
				PRODUCT_NAME = "$(TARGET_NAME)";
				SWIFT_VERSION = 4.2;
				TARGETED_DEVICE_FAMILY = "1,2";
			};
			name = Release;
		};
/* End XCBuildConfiguration section */

/* Begin XCConfigurationList section */
		7EEAAE8121A1CCDA002118A1 /* Build configuration list for PBXProject "FolledoEcommerceApp" */ = {
			isa = XCConfigurationList;
			buildConfigurations = (
				7EEAAE9621A1CCDF002118A1 /* Debug */,
				7EEAAE9721A1CCDF002118A1 /* Release */,
			);
			defaultConfigurationIsVisible = 0;
			defaultConfigurationName = Release;
		};
		7EEAAE9821A1CCDF002118A1 /* Build configuration list for PBXNativeTarget "FolledoEcommerceApp" */ = {
			isa = XCConfigurationList;
			buildConfigurations = (
				7EEAAE9921A1CCDF002118A1 /* Debug */,
				7EEAAE9A21A1CCDF002118A1 /* Release */,
			);
			defaultConfigurationIsVisible = 0;
			defaultConfigurationName = Release;
		};
/* End XCConfigurationList section */

/* Begin XCVersionGroup section */
		7EF027A421A31D4800E8ED2B /* StoreDataModel.xcdatamodeld */ = {
			isa = XCVersionGroup;
			children = (
				7EF027A521A31D4800E8ED2B /* StoreModelData.xcdatamodel */,
			);
			currentVersion = 7EF027A521A31D4800E8ED2B /* StoreModelData.xcdatamodel */;
			path = StoreDataModel.xcdatamodeld;
			sourceTree = "<group>";
			versionGroupType = wrapper.xcdatamodel;
		};
/* End XCVersionGroup section */
	};
	rootObject = 7EEAAE7E21A1CCDA002118A1 /* Project object */;
}
